
Microsoft Visual Studio Solution File, Format Version 12.00
# Visual Studio Version 17
VisualStudioVersion = 17.5.2.0
MinimumVisualStudioVersion = 10.0.40219.1
Project("{FAE04EC0-301F-11D3-BF4B-00C04F79EFBC}") = "NortonsoftHealth.Api", "NortonsoftHealth.Api.csproj", "{1C8B386D-299A-48D3-8EBD-52B843AD3864}"
EndProject
Project("{FAE04EC0-301F-11D3-BF4B-00C04F79EFBC}") = "NortonsoftHealth.Api.Tests", "..\..\tests\NortonsoftHealth.Api.Tests\NortonsoftHealth.Api.Tests.csproj", "{AFF35FD3-1DDB-4C22-B702-B835189E515D}"
EndProject
Global
	GlobalSection(SolutionConfigurationPlatforms) = preSolution
		Debug|Any CPU = Debug|Any CPU
		Debug|x64 = Debug|x64
		Debug|x86 = Debug|x86
		Release|Any CPU = Release|Any CPU
		Release|x64 = Release|x64
		Release|x86 = Release|x86
	EndGlobalSection
	GlobalSection(ProjectConfigurationPlatforms) = postSolution
		{1C8B386D-299A-48D3-8EBD-52B843AD3864}.Debug|Any CPU.ActiveCfg = Debug|Any CPU
		{1C8B386D-299A-48D3-8EBD-52B843AD3864}.Debug|Any CPU.Build.0 = Debug|Any CPU
		{1C8B386D-299A-48D3-8EBD-52B843AD3864}.Debug|x64.ActiveCfg = Debug|Any CPU
		{1C8B386D-299A-48D3-8EBD-52B843AD3864}.Debug|x64.Build.0 = Debug|Any CPU
		{1C8B386D-299A-48D3-8EBD-52B843AD3864}.Debug|x86.ActiveCfg = Debug|Any CPU
		{1C8B386D-299A-48D3-8EBD-52B843AD3864}.Debug|x86.Build.0 = Debug|Any CPU
		{1C8B386D-299A-48D3-8EBD-52B843AD3864}.Release|Any CPU.ActiveCfg = Release|Any CPU
		{1C8B386D-299A-48D3-8EBD-52B843AD3864}.Release|Any CPU.Build.0 = Release|Any CPU
		{1C8B386D-299A-48D3-8EBD-52B843AD3864}.Release|x64.ActiveCfg = Release|Any CPU
		{1C8B386D-299A-48D3-8EBD-52B843AD3864}.Release|x64.Build.0 = Release|Any CPU
		{1C8B386D-299A-48D3-8EBD-52B843AD3864}.Release|x86.ActiveCfg = Release|Any CPU
		{1C8B386D-299A-48D3-8EBD-52B843AD3864}.Release|x86.Build.0 = Release|Any CPU
		{AFF35FD3-1DDB-4C22-B702-B835189E515D}.Debug|Any CPU.ActiveCfg = Debug|Any CPU
		{AFF35FD3-1DDB-4C22-B702-B835189E515D}.Debug|Any CPU.Build.0 = Debug|Any CPU
		{AFF35FD3-1DDB-4C22-B702-B835189E515D}.Debug|x64.ActiveCfg = Debug|Any CPU
		{AFF35FD3-1DDB-4C22-B702-B835189E515D}.Debug|x64.Build.0 = Debug|Any CPU
		{AFF35FD3-1DDB-4C22-B702-B835189E515D}.Debug|x86.ActiveCfg = Debug|Any CPU
		{AFF35FD3-1DDB-4C22-B702-B835189E515D}.Debug|x86.Build.0 = Debug|Any CPU
		{AFF35FD3-1DDB-4C22-B702-B835189E515D}.Release|Any CPU.ActiveCfg = Release|Any CPU
		{AFF35FD3-1DDB-4C22-B702-B835189E515D}.Release|Any CPU.Build.0 = Release|Any CPU
		{AFF35FD3-1DDB-4C22-B702-B835189E515D}.Release|x64.ActiveCfg = Release|Any CPU
		{AFF35FD3-1DDB-4C22-B702-B835189E515D}.Release|x64.Build.0 = Release|Any CPU
		{AFF35FD3-1DDB-4C22-B702-B835189E515D}.Release|x86.ActiveCfg = Release|Any CPU
		{AFF35FD3-1DDB-4C22-B702-B835189E515D}.Release|x86.Build.0 = Release|Any CPU
	EndGlobalSection
	GlobalSection(SolutionProperties) = preSolution
		HideSolutionNode = FALSE
	EndGlobalSection
	GlobalSection(ExtensibilityGlobals) = postSolution
		SolutionGuid = {10137ABF-BE4C-4A6F-9E21-4846353A3951}
	EndGlobalSection
EndGlobal
